
Microsoft Visual Studio Solution File, Format Version 12.00
# Visual Studio Version 17
VisualStudioVersion = 17.2.32516.85
MinimumVisualStudioVersion = 10.0.40219.1
Project("{FAE04EC0-301F-11D3-BF4B-00C04F79EFBC}") = "Credit_Card_Application", "Credit_Card_Application\Credit_Card_Application.csproj", "{F5F9DDC6-60D0-47B3-8AA6-5AD400A473F6}"
EndProject
Global
	GlobalSection(SolutionConfigurationPlatforms) = preSolution
		Debug|Any CPU = Debug|Any CPU
		Release|Any CPU = Release|Any CPU
	EndGlobalSection
	GlobalSection(ProjectConfigurationPlatforms) = postSolution
		{F5F9DDC6-60D0-47B3-8AA6-5AD400A473F6}.Debug|Any CPU.ActiveCfg = Debug|Any CPU
		{F5F9DDC6-60D0-47B3-8AA6-5AD400A473F6}.Debug|Any CPU.Build.0 = Debug|Any CPU
		{F5F9DDC6-60D0-47B3-8AA6-5AD400A473F6}.Release|Any CPU.ActiveCfg = Release|Any CPU
		{F5F9DDC6-60D0-47B3-8AA6-5AD400A473F6}.Release|Any CPU.Build.0 = Release|Any CPU
	EndGlobalSection
	GlobalSection(SolutionProperties) = preSolution
		HideSolutionNode = FALSE
	EndGlobalSection
	GlobalSection(ExtensibilityGlobals) = postSolution
		SolutionGuid = {44E93C7E-9A7A-4809-9970-BDDA8561AFF4}
	EndGlobalSection
EndGlobal
